{
  "name": "word-utils-shani",
  "version": "1.0.0",
  "lockfileVersion": 3,
  "requires": true,
  "packages": {
    "": {
      "name": "word-utils-shani",
      "version": "1.0.0",
      "license": "ISC",
      "dependencies": {
        "word-utils-shani": "^1.0.0"
      }
    },
    "node_modules/word-utils-shani": {
      "version": "1.0.0",
      "resolved": "https://registry.npmjs.org/word-utils-shani/-/word-utils-shani-1.0.0.tgz",
      "integrity": "sha512-xxuhLno4b2Nbo67QYuWgaL2HKDJJUsjkdvvV+6Hj4GWT0hAyXj85b+c1BlLncGyUGVW+6YHB7jY7MeoVnveGcg=="
    }
  }
}
